
Microsoft Visual Studio Solution File, Format Version 12.00
# Visual Studio Version 16
VisualStudioVersion = 25.0.1704.2
MinimumVisualStudioVersion = 10.0.40219.1
Project("{FAE04EC0-301F-11D3-BF4B-00C04F79EFBC}") = "Hangman", "Hangman\Hangman.csproj", "{90E21FDD-3BD1-461E-B681-F61581C986A8}"
EndProject
Global
	GlobalSection(SolutionConfigurationPlatforms) = preSolution
		Debug|Any CPU = Debug|Any CPU
		Release|Any CPU = Release|Any CPU
	EndGlobalSection
	GlobalSection(ProjectConfigurationPlatforms) = postSolution
		{90E21FDD-3BD1-461E-B681-F61581C986A8}.Debug|Any CPU.ActiveCfg = Debug|Any CPU
		{90E21FDD-3BD1-461E-B681-F61581C986A8}.Debug|Any CPU.Build.0 = Debug|Any CPU
		{90E21FDD-3BD1-461E-B681-F61581C986A8}.Release|Any CPU.ActiveCfg = Release|Any CPU
		{90E21FDD-3BD1-461E-B681-F61581C986A8}.Release|Any CPU.Build.0 = Release|Any CPU
	EndGlobalSection
	GlobalSection(SolutionProperties) = preSolution
		HideSolutionNode = FALSE
	EndGlobalSection
	GlobalSection(ExtensibilityGlobals) = postSolution
		SolutionGuid = {C87AE030-C8A2-478B-A89D-6164539AC73B}
	EndGlobalSection
EndGlobal
