
Microsoft Visual Studio Solution File, Format Version 12.00
# Visual Studio Version 16
VisualStudioVersion = 25.0.1704.2
MinimumVisualStudioVersion = 10.0.40219.1
Project("{FAE04EC0-301F-11D3-BF4B-00C04F79EFBC}") = "Palyndrome2", "Palyndrome2\Palyndrome2.csproj", "{F4A51B1F-AC04-4D0C-B6E1-5071327BB1B2}"
EndProject
Global
	GlobalSection(SolutionConfigurationPlatforms) = preSolution
		Debug|Any CPU = Debug|Any CPU
		Release|Any CPU = Release|Any CPU
	EndGlobalSection
	GlobalSection(ProjectConfigurationPlatforms) = postSolution
		{F4A51B1F-AC04-4D0C-B6E1-5071327BB1B2}.Debug|Any CPU.ActiveCfg = Debug|Any CPU
		{F4A51B1F-AC04-4D0C-B6E1-5071327BB1B2}.Debug|Any CPU.Build.0 = Debug|Any CPU
		{F4A51B1F-AC04-4D0C-B6E1-5071327BB1B2}.Release|Any CPU.ActiveCfg = Release|Any CPU
		{F4A51B1F-AC04-4D0C-B6E1-5071327BB1B2}.Release|Any CPU.Build.0 = Release|Any CPU
	EndGlobalSection
	GlobalSection(SolutionProperties) = preSolution
		HideSolutionNode = FALSE
	EndGlobalSection
	GlobalSection(ExtensibilityGlobals) = postSolution
		SolutionGuid = {5759E967-2C6F-4028-9719-BD6116EF96E0}
	EndGlobalSection
EndGlobal
